dependencies:
  OpenHover:
    component_hash: null
    source:
      path: D:\Projects\Drones\Software\ESP_Drone_Mini\components\OpenHover
      type: local
    version: '*'
  drivers:
    component_hash: null
    source:
      path: D:\Projects\Drones\Software\ESP_Drone_Mini\drivers
      type: local
    version: '*'
  idf:
    component_hash: null
    source:
      type: idf
    version: 5.2.0
manifest_hash: 4cca30298110be5c9d76c197ee4956d648ebcca671622755be4a2ce6e68a28e0
target: esp32s3
version: 1.0.0
